<?xml version="1.0" encoding="utf-8"?>
<Project ToolsVersion="4.0" xmlns="http://schemas.microsoft.com/developer/msbuild/2003">
  <ItemGroup>
    <Filter Include="Source Files">
      <UniqueIdentifier>{4FC737F1-C7A5-4376-A066-2A32D752A2FF}</UniqueIdentifier>
      <Extensions>cpp;c;cc;cxx;c++;cppm;ixx;def;odl;idl;hpj;bat;asm;asmx</Extensions>
    </Filter>
    <Filter Include="Header Files">
      <UniqueIdentifier>{93995380-89BD-4b04-88EB-625FBE52EBFB}</UniqueIdentifier>
      <Extensions>h;hh;hpp;hxx;h++;hm;inl;inc;ipp;xsd</Extensions>
    </Filter>
    <Filter Include="Resource Files">
      <UniqueIdentifier>{67DA6AB6-F800-4c08-8B7A-83BB121AAD01}</UniqueIdentifier>
      <Extensions>rc;ico;cur;bmp;dlg;rc2;rct;bin;rgs;gif;jpg;jpeg;jpe;resx;tiff;tif;png;wav;mfcribbon-ms</Extensions>
    </Filter>
    <Filter Include="Resource Files\Shaders">
      <UniqueIdentifier>{a3a34b2d-6e43-4437-8852-7d717dd7bdf6}</UniqueIdentifier>
    </Filter>
    <Filter Include="Resource Files\Scripts">
      <UniqueIdentifier>{ef4cb33d-2efa-4b7a-9e7e-cf109b96257f}</UniqueIdentifier>
    </Filter>
    <Filter Include="Resource Files\Scripts\Components">
      <UniqueIdentifier>{a6183685-379f-4eb4-a5c3-a1bff17afecc}</UniqueIdentifier>
    </Filter>
  </ItemGroup>
  <ItemGroup>
    <ClInclude Include="Game.h">
      <Filter>Header Files</Filter>
    </ClInclude>
    <ClInclude Include="TestScene.h">
      <Filter>Header Files</Filter>
    </ClInclude>
  </ItemGroup>
  <ItemGroup>
    <ClCompile Include="Game.cpp">
      <Filter>Source Files</Filter>
    </ClCompile>
    <ClCompile Include="WinMain.cpp">
      <Filter>Source Files</Filter>
    </ClCompile>
  </ItemGroup>
  <ItemGroup>
    <None Include="Assets\Scripts\test.lua">
      <Filter>Resource Files\Scripts</Filter>
    </None>
    <None Include="Assets\Shaders\Common.hlsl">
      <Filter>Resource Files\Shaders</Filter>
    </None>
    <None Include="Assets\Shaders\default.hlsl">
      <Filter>Resource Files\Shaders</Filter>
    </None>
    <None Include="Assets\Scripts\table.lua">
      <Filter>Resource Files\Scripts</Filter>
    </None>
    <None Include="Assets\Scripts\MeshRenderer.lua">
      <Filter>Resource Files\Scripts\Components</Filter>
    </None>
    <None Include="Assets\Scripts\Transform.lua">
      <Filter>Resource Files\Scripts\Components</Filter>
    </None>
    <None Include="Assets\Scripts\HealthComponent.lua">
      <Filter>Resource Files\Scripts\Components</Filter>
    </None>
    <None Include="packages.config" />
  </ItemGroup>
</Project>