<?xml version="1.0" encoding="utf-8"?>
<Project ToolsVersion="4.0" xmlns="http://schemas.microsoft.com/developer/msbuild/2003">
  <ItemGroup>
    <Filter Include="Source Files">
      <UniqueIdentifier>{4FC737F1-C7A5-4376-A066-2A32D752A2FF}</UniqueIdentifier>
      <Extensions>cpp;c;cc;cxx;c++;cppm;ixx;def;odl;idl;hpj;bat;asm;asmx</Extensions>
    </Filter>
    <Filter Include="Header Files">
      <UniqueIdentifier>{93995380-89BD-4b04-88EB-625FBE52EBFB}</UniqueIdentifier>
      <Extensions>h;hh;hpp;hxx;h++;hm;inl;inc;ipp;xsd</Extensions>
    </Filter>
    <Filter Include="Resource Files">
      <UniqueIdentifier>{67DA6AB6-F800-4c08-8B7A-83BB121AAD01}</UniqueIdentifier>
      <Extensions>rc;ico;cur;bmp;dlg;rc2;rct;bin;rgs;gif;jpg;jpeg;jpe;resx;tiff;tif;png;wav;mfcribbon-ms</Extensions>
    </Filter>
    <Filter Include="Source Files\Render">
      <UniqueIdentifier>{54b50e2d-da1b-4771-9c2d-b133f7d840ff}</UniqueIdentifier>
    </Filter>
    <Filter Include="Header Files\Render">
      <UniqueIdentifier>{ef490e7c-4cf3-4631-b73c-8fcc4b00dda4}</UniqueIdentifier>
    </Filter>
    <Filter Include="Source Files\ECS">
      <UniqueIdentifier>{65208a2d-463f-49bb-8446-6f4c95a5b9d3}</UniqueIdentifier>
    </Filter>
    <Filter Include="Header Files\ECS">
      <UniqueIdentifier>{4888ddfd-875d-4be4-b701-bdb4dc7671d0}</UniqueIdentifier>
    </Filter>
    <Filter Include="Header Files\Scripting">
      <UniqueIdentifier>{db8e8282-eafc-4c0b-aef8-265d757e9cc9}</UniqueIdentifier>
    </Filter>
    <Filter Include="Source Files\Scripting">
      <UniqueIdentifier>{b9b3175e-f0d8-4ffb-ac6c-5a54f4cc2cc6}</UniqueIdentifier>
    </Filter>
    <Filter Include="Header Files\Render\Backend">
      <UniqueIdentifier>{bac6fde8-c59d-4167-bf07-e59271052bf7}</UniqueIdentifier>
    </Filter>
    <Filter Include="Source Files\Render\Backend">
      <UniqueIdentifier>{124dfaaa-a684-4cf5-a0df-37de7df6ea44}</UniqueIdentifier>
    </Filter>
    <Filter Include="Header Files\Render\Frontend">
      <UniqueIdentifier>{81ce63b7-4715-4edd-8911-76818a9cbce7}</UniqueIdentifier>
    </Filter>
    <Filter Include="Source Files\Render\Frontend">
      <UniqueIdentifier>{b027c43a-7d4b-48a1-a7b7-6dc9124d7da2}</UniqueIdentifier>
    </Filter>
  </ItemGroup>
  <ItemGroup>
    <ClInclude Include="include\Engine\Input.h">
      <Filter>Header Files</Filter>
    </ClInclude>
    <ClInclude Include="include\Engine\ResourceManager.h">
      <Filter>Header Files</Filter>
    </ClInclude>
    <ClInclude Include="include\Engine\Window.h">
      <Filter>Header Files</Filter>
    </ClInclude>
    <ClInclude Include="include\Engine\EntityManager.h">
      <Filter>Header Files\ECS</Filter>
    </ClInclude>
    <ClInclude Include="include\Engine\SystemManager.h">
      <Filter>Header Files\ECS</Filter>
    </ClInclude>
    <ClInclude Include="include\Engine\ECSComponents.h">
      <Filter>Header Files\ECS</Filter>
    </ClInclude>
    <ClInclude Include="include\Engine\ECSData.h">
      <Filter>Header Files\ECS</Filter>
    </ClInclude>
    <ClInclude Include="include\Engine\ComponentManager.h">
      <Filter>Header Files\ECS</Filter>
    </ClInclude>
    <ClInclude Include="include\Engine\Registry.h">
      <Filter>Header Files\ECS</Filter>
    </ClInclude>
    <ClInclude Include="include\Engine\ScriptManager.h">
      <Filter>Header Files\Scripting</Filter>
    </ClInclude>
    <ClInclude Include="include\Engine\Engine.h">
      <Filter>Header Files</Filter>
    </ClInclude>
    <ClInclude Include="include\Engine\GraphicsDevice.h">
      <Filter>Header Files\Render\Backend</Filter>
    </ClInclude>
    <ClInclude Include="include\Engine\EngineBackend.h">
      <Filter>Header Files\Render\Backend</Filter>
    </ClInclude>
    <ClInclude Include="include\Engine\Camera.h">
      <Filter>Header Files\Render\Frontend</Filter>
    </ClInclude>
    <ClInclude Include="include\Engine\Graphics.h">
      <Filter>Header Files\Render\Frontend</Filter>
    </ClInclude>
    <ClInclude Include="include\Engine\Material.h">
      <Filter>Header Files\Render\Frontend</Filter>
    </ClInclude>
    <ClInclude Include="include\Engine\Mesh.h">
      <Filter>Header Files\Render\Frontend</Filter>
    </ClInclude>
    <ClInclude Include="include\Engine\Renderer.h">
      <Filter>Header Files\Render\Frontend</Filter>
    </ClInclude>
    <ClInclude Include="include\Engine\Shader.h">
      <Filter>Header Files\Render\Frontend</Filter>
    </ClInclude>
    <ClInclude Include="include\Engine\RenderContext.h">
      <Filter>Header Files\Render</Filter>
    </ClInclude>
    <ClInclude Include="include\Engine\RenderTarget.h">
      <Filter>Header Files\Render</Filter>
    </ClInclude>
  </ItemGroup>
  <ItemGroup>
    <ClCompile Include="Window.cpp">
      <Filter>Source Files</Filter>
    </ClCompile>
    <ClCompile Include="Input.cpp">
      <Filter>Source Files</Filter>
    </ClCompile>
    <ClCompile Include="ResourceManager.cpp">
      <Filter>Source Files</Filter>
    </ClCompile>
    <ClCompile Include="Engine.cpp">
      <Filter>Source Files</Filter>
    </ClCompile>
    <ClCompile Include="EntityManager.cpp">
      <Filter>Source Files\ECS</Filter>
    </ClCompile>
    <ClCompile Include="ComponentManager.cpp">
      <Filter>Source Files\ECS</Filter>
    </ClCompile>
    <ClCompile Include="Registry.cpp">
      <Filter>Source Files\ECS</Filter>
    </ClCompile>
    <ClCompile Include="SystemManager.cpp">
      <Filter>Source Files\ECS</Filter>
    </ClCompile>
    <ClCompile Include="ScriptManager.cpp">
      <Filter>Source Files\Scripting</Filter>
    </ClCompile>
    <ClCompile Include="GraphicsDevice.cpp">
      <Filter>Source Files\Render\Backend</Filter>
    </ClCompile>
    <ClCompile Include="EngineBackend.cpp">
      <Filter>Source Files\Render\Backend</Filter>
    </ClCompile>
    <ClCompile Include="Camera.cpp">
      <Filter>Source Files\Render\Frontend</Filter>
    </ClCompile>
    <ClCompile Include="Graphics.cpp">
      <Filter>Source Files\Render\Frontend</Filter>
    </ClCompile>
    <ClCompile Include="Material.cpp">
      <Filter>Source Files\Render\Frontend</Filter>
    </ClCompile>
    <ClCompile Include="Mesh.cpp">
      <Filter>Source Files\Render\Frontend</Filter>
    </ClCompile>
    <ClCompile Include="Renderer.cpp">
      <Filter>Source Files\Render\Frontend</Filter>
    </ClCompile>
    <ClCompile Include="Shader.cpp">
      <Filter>Source Files\Render\Frontend</Filter>
    </ClCompile>
    <ClCompile Include="RenderContext.cpp">
      <Filter>Source Files\Render</Filter>
    </ClCompile>
    <ClCompile Include="RenderTarget.cpp">
      <Filter>Source Files\Render</Filter>
    </ClCompile>
  </ItemGroup>
</Project>