<?xml version="1.0" encoding="utf-8"?>
<Project ToolsVersion="4.0" xmlns="http://schemas.microsoft.com/developer/msbuild/2003">
  <ItemGroup>
    <Filter Include="Source Files">
      <UniqueIdentifier>{4FC737F1-C7A5-4376-A066-2A32D752A2FF}</UniqueIdentifier>
      <Extensions>cpp;c;cc;cxx;c++;cppm;ixx;def;odl;idl;hpj;bat;asm;asmx</Extensions>
    </Filter>
    <Filter Include="Header Files">
      <UniqueIdentifier>{93995380-89BD-4b04-88EB-625FBE52EBFB}</UniqueIdentifier>
      <Extensions>h;hh;hpp;hxx;h++;hm;inl;inc;ipp;xsd</Extensions>
    </Filter>
    <Filter Include="Resource Files">
      <UniqueIdentifier>{67DA6AB6-F800-4c08-8B7A-83BB121AAD01}</UniqueIdentifier>
      <Extensions>rc;ico;cur;bmp;dlg;rc2;rct;bin;rgs;gif;jpg;jpeg;jpe;resx;tiff;tif;png;wav;mfcribbon-ms</Extensions>
    </Filter>
    <Filter Include="Source Files\Core">
      <UniqueIdentifier>{e888e83f-2449-4101-9236-da27f23d69b5}</UniqueIdentifier>
    </Filter>
    <Filter Include="Header Files\Core">
      <UniqueIdentifier>{81858e78-8c4d-4421-8e4f-a6eece70d4cb}</UniqueIdentifier>
    </Filter>
    <Filter Include="Header Files\Other">
      <UniqueIdentifier>{3d0b1114-c1fa-4dcc-a268-851cddccbcb9}</UniqueIdentifier>
    </Filter>
    <Filter Include="Source Files\Other">
      <UniqueIdentifier>{6ac83103-5dff-440c-9c22-a9c76381f288}</UniqueIdentifier>
    </Filter>
    <Filter Include="Header Files\Engine">
      <UniqueIdentifier>{fa9931eb-40c5-4e35-9ce8-9868abca8e26}</UniqueIdentifier>
    </Filter>
    <Filter Include="Source Files\Engine">
      <UniqueIdentifier>{591113c8-6990-49ec-83fe-ae1dcecac1a7}</UniqueIdentifier>
    </Filter>
    <Filter Include="Header Files\Render">
      <UniqueIdentifier>{35194bd1-5f1f-4f66-a578-8dc2e921877b}</UniqueIdentifier>
    </Filter>
    <Filter Include="Source Files\Render">
      <UniqueIdentifier>{1daec822-ce1f-445b-9b1f-445a6659ca13}</UniqueIdentifier>
    </Filter>
    <Filter Include="Resource Files\Shaders">
      <UniqueIdentifier>{b61ed265-ecc1-4d0b-9a41-82e1204d59d3}</UniqueIdentifier>
    </Filter>
    <Filter Include="Header Files\third_party">
      <UniqueIdentifier>{0ff3dc56-5f57-4317-bbd4-ac3b78b39092}</UniqueIdentifier>
    </Filter>
    <Filter Include="Source Files\third_party">
      <UniqueIdentifier>{bc1d2c9d-f492-402a-846b-53586d01a348}</UniqueIdentifier>
    </Filter>
    <Filter Include="Header Files\Script">
      <UniqueIdentifier>{c2ab1f9d-d33b-4d52-b610-a6ce8895fbcb}</UniqueIdentifier>
    </Filter>
    <Filter Include="Source Files\Script">
      <UniqueIdentifier>{2533ab82-d29d-46c2-9176-0d4fc92eadfa}</UniqueIdentifier>
    </Filter>
    <Filter Include="Resource Files\Scripts">
      <UniqueIdentifier>{057d7638-3a91-496e-8f16-b0c31d9d511e}</UniqueIdentifier>
    </Filter>
    <Filter Include="Header Files\Engine\ECS">
      <UniqueIdentifier>{73f6e265-6515-438f-aaa6-def3f0a2831a}</UniqueIdentifier>
    </Filter>
    <Filter Include="Source Files\Engine\ECS">
      <UniqueIdentifier>{27330d06-06dd-44ca-a1a4-782ffe4c8dbf}</UniqueIdentifier>
    </Filter>
  </ItemGroup>
  <ItemGroup>
    <ClCompile Include="main.cpp">
      <Filter>Source Files</Filter>
    </ClCompile>
    <ClCompile Include="Window.cpp">
      <Filter>Source Files\Core</Filter>
    </ClCompile>
    <ClCompile Include="Time.h">
      <Filter>Header Files\Core</Filter>
    </ClCompile>
    <ClCompile Include="Time.cpp">
      <Filter>Source Files\Core</Filter>
    </ClCompile>
    <ClCompile Include="Application.cpp">
      <Filter>Source Files\Core</Filter>
    </ClCompile>
    <ClCompile Include="Input.cpp">
      <Filter>Source Files\Core</Filter>
    </ClCompile>
    <ClCompile Include="Graphics.cpp">
      <Filter>Source Files\Render</Filter>
    </ClCompile>
    <ClCompile Include="Renderer.cpp">
      <Filter>Source Files\Render</Filter>
    </ClCompile>
    <ClCompile Include="Mesh.cpp">
      <Filter>Source Files\Render</Filter>
    </ClCompile>
    <ClCompile Include="Shader.cpp">
      <Filter>Source Files\Render</Filter>
    </ClCompile>
    <ClCompile Include="Camera.cpp">
      <Filter>Source Files\Engine</Filter>
    </ClCompile>
    <ClCompile Include="Material.cpp">
      <Filter>Source Files\Render</Filter>
    </ClCompile>
    <ClCompile Include="ScriptManager.cpp">
      <Filter>Source Files\Script</Filter>
    </ClCompile>
    <ClCompile Include="Registry.cpp">
      <Filter>Source Files\Engine\ECS</Filter>
    </ClCompile>
    <ClCompile Include="EntityManager.cpp">
      <Filter>Source Files\Engine\ECS</Filter>
    </ClCompile>
    <ClCompile Include="ComponentManager.cpp">
      <Filter>Source Files\Engine\ECS</Filter>
    </ClCompile>
    <ClCompile Include="SystemManager.cpp">
      <Filter>Source Files\Engine\ECS</Filter>
    </ClCompile>
    <ClCompile Include="Game.cpp">
      <Filter>Source Files\Engine</Filter>
    </ClCompile>
  </ItemGroup>
  <ItemGroup>
    <ClInclude Include="Window.h">
      <Filter>Header Files\Core</Filter>
    </ClInclude>
    <ClInclude Include="ChiliWin.h">
      <Filter>Header Files\Core</Filter>
    </ClInclude>
    <ClInclude Include="Application.h">
      <Filter>Header Files\Core</Filter>
    </ClInclude>
    <ClInclude Include="Input.h">
      <Filter>Header Files\Core</Filter>
    </ClInclude>
    <ClInclude Include="Graphics.h">
      <Filter>Header Files\Render</Filter>
    </ClInclude>
    <ClInclude Include="Renderer.h">
      <Filter>Header Files\Render</Filter>
    </ClInclude>
    <ClInclude Include="Mesh.h">
      <Filter>Header Files\Render</Filter>
    </ClInclude>
    <ClInclude Include="Math.h">
      <Filter>Header Files\Other</Filter>
    </ClInclude>
    <ClInclude Include="Shader.h">
      <Filter>Header Files\Render</Filter>
    </ClInclude>
    <ClInclude Include="Camera.h">
      <Filter>Header Files\Engine</Filter>
    </ClInclude>
    <ClInclude Include="Material.h">
      <Filter>Header Files\Render</Filter>
    </ClInclude>
    <ClInclude Include="ErrorHandler.h">
      <Filter>Header Files\Core</Filter>
    </ClInclude>
    <ClInclude Include="ScriptManager.h">
      <Filter>Header Files\Script</Filter>
    </ClInclude>
    <ClInclude Include="Registry.h">
      <Filter>Header Files\Engine\ECS</Filter>
    </ClInclude>
    <ClInclude Include="EntityManager.h">
      <Filter>Header Files\Engine\ECS</Filter>
    </ClInclude>
    <ClInclude Include="ComponentManager.h">
      <Filter>Header Files\Engine\ECS</Filter>
    </ClInclude>
    <ClInclude Include="SystemManager.h">
      <Filter>Header Files\Engine\ECS</Filter>
    </ClInclude>
    <ClInclude Include="Game.h">
      <Filter>Header Files\Engine</Filter>
    </ClInclude>
    <ClInclude Include="SparceSet.h">
      <Filter>Header Files\Other</Filter>
    </ClInclude>
    <ClInclude Include="ECSData.h">
      <Filter>Header Files\Engine\ECS</Filter>
    </ClInclude>
  </ItemGroup>
  <ItemGroup>
    <FxCompile Include="Shaders\default.hlsl">
      <Filter>Resource Files\Shaders</Filter>
    </FxCompile>
    <FxCompile Include="Shaders\Common.hlsl">
      <Filter>Resource Files\Shaders</Filter>
    </FxCompile>
  </ItemGroup>
  <ItemGroup>
    <None Include="Scripts\test.lua">
      <Filter>Resource Files\Scripts</Filter>
    </None>
  </ItemGroup>
</Project>